
Microsoft Visual Studio Solution File, Format Version 12.00
# Visual Studio Version 17
VisualStudioVersion = 17.2.32526.322
MinimumVisualStudioVersion = 10.0.40219.1
Project("{FAE04EC0-301F-11D3-BF4B-00C04F79EFBC}") = "PlanillaAlumnos", "PlanillaAlumnos.csproj", "{8315AD00-8A92-43EC-94A6-C1DA2C335EFF}"
EndProject
Global
	GlobalSection(SolutionConfigurationPlatforms) = preSolution
		Debug|Any CPU = Debug|Any CPU
		Release|Any CPU = Release|Any CPU
	EndGlobalSection
	GlobalSection(ProjectConfigurationPlatforms) = postSolution
		{8315AD00-8A92-43EC-94A6-C1DA2C335EFF}.Debug|Any CPU.ActiveCfg = Debug|Any CPU
		{8315AD00-8A92-43EC-94A6-C1DA2C335EFF}.Debug|Any CPU.Build.0 = Debug|Any CPU
		{8315AD00-8A92-43EC-94A6-C1DA2C335EFF}.Release|Any CPU.ActiveCfg = Release|Any CPU
		{8315AD00-8A92-43EC-94A6-C1DA2C335EFF}.Release|Any CPU.Build.0 = Release|Any CPU
	EndGlobalSection
	GlobalSection(SolutionProperties) = preSolution
		HideSolutionNode = FALSE
	EndGlobalSection
	GlobalSection(ExtensibilityGlobals) = postSolution
		SolutionGuid = {80CB47CB-040A-4535-919E-034D90326FEC}
	EndGlobalSection
EndGlobal
